{
  "requires": true,
  "lockfileVersion": 1,
  "dependencies": {
    "@ckeditor/ckeditor5-core": {
      "version": "23.0.0",
      "resolved": "https://registry.npmjs.org/@ckeditor/ckeditor5-core/-/ckeditor5-core-23.0.0.tgz",
      "integrity": "sha512-NjelymGQBJPnEplS0rN/y6oDCdg6+5BcFF5NffxCzzXyqrFguIVSzgSaBXB7ujwX6AkecvEPM7yN8UQg+8z98A==",
      "requires": {
        "@ckeditor/ckeditor5-engine": "^23.0.0",
        "@ckeditor/ckeditor5-utils": "^23.0.0",
        "lodash-es": "^4.17.15"
      }
    },
    "@ckeditor/ckeditor5-engine": {
      "version": "23.0.0",
      "resolved": "https://registry.npmjs.org/@ckeditor/ckeditor5-engine/-/ckeditor5-engine-23.0.0.tgz",
      "integrity": "sha512-DKYHxN7WORlX3HsgEXMlIaUQFfyGzg21aMA8vRIl3IZrDKdsyJILu63Z+CTs0NSP5CGZyOqwSPE20Pf5luQrUA==",
      "requires": {
        "@ckeditor/ckeditor5-utils": "^23.0.0",
        "lodash-es": "^4.17.15"
      }
    },
    "@ckeditor/ckeditor5-typing": {
      "version": "23.0.0",
      "resolved": "https://registry.npmjs.org/@ckeditor/ckeditor5-typing/-/ckeditor5-typing-23.0.0.tgz",
      "integrity": "sha512-LODZfoGdEonEEfF9o0bctJKkMKCxqOBACNxlAKa+lDl7dD0Hp5N5G1RqTxWZnAIsh4swNHW7PnVQWPGDozA4Mw==",
      "requires": {
        "@ckeditor/ckeditor5-core": "^23.0.0",
        "@ckeditor/ckeditor5-engine": "^23.0.0",
        "@ckeditor/ckeditor5-utils": "^23.0.0",
        "lodash-es": "^4.17.15"
      }
    },
    "@ckeditor/ckeditor5-ui": {
      "version": "23.0.0",
      "resolved": "https://registry.npmjs.org/@ckeditor/ckeditor5-ui/-/ckeditor5-ui-23.0.0.tgz",
      "integrity": "sha512-X8RyCPMRWBYkb+Ze3e588JOGWfVz8C4cwkYbCHoKC9IaAnJhVeFngQIRMEP4+lTdqTEBW6q/5RZotKLlNOPY2g==",
      "requires": {
        "@ckeditor/ckeditor5-core": "^23.0.0",
        "@ckeditor/ckeditor5-utils": "^23.0.0",
        "lodash-es": "^4.17.15"
      }
    },
    "@ckeditor/ckeditor5-utils": {
      "version": "23.0.0",
      "resolved": "https://registry.npmjs.org/@ckeditor/ckeditor5-utils/-/ckeditor5-utils-23.0.0.tgz",
      "integrity": "sha512-el37RemQW207NBN3/DK5XNsFPiyno67bAAQ0Xw0nLqqgQhxPP+UyIWlG2F2Oa7eiVWg2/UdGgeQOOq/OV3ZYTA==",
      "requires": {
        "lodash-es": "^4.17.15"
      }
    },
    "@ckeditor/ckeditor5-widget": {
      "version": "23.0.0",
      "resolved": "https://registry.npmjs.org/@ckeditor/ckeditor5-widget/-/ckeditor5-widget-23.0.0.tgz",
      "integrity": "sha512-3bWFMjpnl9h2qOosXiNe6UfKtCICC5SzW0DdocKzDxFp9Dsw+HgCKDMhQ7bjW/MaZaCXS9N8lwLCEPGlto0Htw==",
      "requires": {
        "@ckeditor/ckeditor5-core": "^23.0.0",
        "@ckeditor/ckeditor5-engine": "^23.0.0",
        "@ckeditor/ckeditor5-typing": "^23.0.0",
        "@ckeditor/ckeditor5-ui": "^23.0.0",
        "@ckeditor/ckeditor5-utils": "^23.0.0",
        "lodash-es": "^4.17.15"
      }
    },
    "@wiris/mathtype-ckeditor5": {
      "version": "7.24.1",
      "resolved": "https://registry.npmjs.org/@wiris/mathtype-ckeditor5/-/mathtype-ckeditor5-7.24.1.tgz",
      "integrity": "sha512-CA45OVNdLIR2X42F82yiTLwU+TF/lXQWZIHCvtEHWD4FjzjUo/vJjzPXuGDBpwuMYBVvCObUAazsF3wHUlisZQ==",
      "requires": {
        "@ckeditor/ckeditor5-core": ">=22.0.0",
        "@ckeditor/ckeditor5-engine": ">=22.0.0",
        "@ckeditor/ckeditor5-ui": ">=22.0.0",
        "@ckeditor/ckeditor5-widget": ">=22.0.0",
        "@wiris/mathtype-html-integration-devkit": "1.4.2"
      }
    },
    "@wiris/mathtype-html-integration-devkit": {
      "version": "1.4.2",
      "resolved": "https://registry.npmjs.org/@wiris/mathtype-html-integration-devkit/-/mathtype-html-integration-devkit-1.4.2.tgz",
      "integrity": "sha512-TRzsQn2zmaKfqMxxSteNnqhRP+cCZYaJtXzBtI62tuOMvrzkli+l06zNeOeSIyVFZWLQx45fBQ2uoJNPIojkag==",
      "requires": {
        "uuid": "^8.1.0"
      }
    },
    "lodash-es": {
      "version": "4.17.15",
      "resolved": "https://registry.npmjs.org/lodash-es/-/lodash-es-4.17.15.tgz",
      "integrity": "sha512-rlrc3yU3+JNOpZ9zj5pQtxnx2THmvRykwL4Xlxoa8I9lHBlVbbyPhgyPMioxVZ4NqyxaVVtaJnzsyOidQIhyyQ=="
    },
    "uuid": {
      "version": "8.3.1",
      "resolved": "https://registry.npmjs.org/uuid/-/uuid-8.3.1.tgz",
      "integrity": "sha512-FOmRr+FmWEIG8uhZv6C2bTgEVXsHk08kE7mPlrBbEe+c3r9pjceVPgupIfNIhc4yx55H69OXANrUaSuu9eInKg=="
    }
  }
}
